// !$*UTF8*$!
{
	archiveVersion = 1;
	classes = {
	};
	objectVersion = 46;
	objects = {

/* Begin PBXBuildFile section */
		014F79EE1F2E431C00312C4C /* CalculatorViewModel.swift in Sources */ = {isa = PBXBuildFile; fileRef = 014F79ED1F2E431C00312C4C /* CalculatorViewModel.swift */; };
		014F79F01F2E466000312C4C /* CalculatorTableViewCell.swift in Sources */ = {isa = PBXBuildFile; fileRef = 014F79EF1F2E466000312C4C /* CalculatorTableViewCell.swift */; };
		014F79F21F2E7B0100312C4C /* UITextFieldExtensions.swift in Sources */ = {isa = PBXBuildFile; fileRef = 014F79F11F2E7B0100312C4C /* UITextFieldExtensions.swift */; };
		01A9253E1F375FC100FB55A3 /* ChipLoadPickerViewController.swift in Sources */ = {isa = PBXBuildFile; fileRef = 01A9253D1F375FC100FB55A3 /* ChipLoadPickerViewController.swift */; };
		01A925401F375FDE00FB55A3 /* ChipLoadPickerViewModel.swift in Sources */ = {isa = PBXBuildFile; fileRef = 01A9253F1F375FDE00FB55A3 /* ChipLoadPickerViewModel.swift */; };
		01A925421F375FF400FB55A3 /* ChipLoadPickerStoryboard.storyboard in Resources */ = {isa = PBXBuildFile; fileRef = 01A925411F375FF400FB55A3 /* ChipLoadPickerStoryboard.storyboard */; };
		01A925441F3BF67B00FB55A3 /* StyleManager.swift in Sources */ = {isa = PBXBuildFile; fileRef = 01A925431F3BF67B00FB55A3 /* StyleManager.swift */; };
		01A9254A1F3C07E000FB55A3 /* CNCTabBarViewController.swift in Sources */ = {isa = PBXBuildFile; fileRef = 01A925491F3C07E000FB55A3 /* CNCTabBarViewController.swift */; };
		01D446801F421C0500BC363C /* SavedProfilesViewModel.swift in Sources */ = {isa = PBXBuildFile; fileRef = 01D4467F1F421C0500BC363C /* SavedProfilesViewModel.swift */; };
		01D446821F42248600BC363C /* SavedCalculation.swift in Sources */ = {isa = PBXBuildFile; fileRef = 01D446811F42248600BC363C /* SavedCalculation.swift */; };
		01D446841F42274E00BC363C /* PersistentStorageService.swift in Sources */ = {isa = PBXBuildFile; fileRef = 01D446831F42274E00BC363C /* PersistentStorageService.swift */; };
		01E77DB91F25714200ED1EFA /* AppDelegate.swift in Sources */ = {isa = PBXBuildFile; fileRef = 01E77DB81F25714200ED1EFA /* AppDelegate.swift */; };
		01E77DC01F25714200ED1EFA /* Main.storyboard in Resources */ = {isa = PBXBuildFile; fileRef = 01E77DBE1F25714200ED1EFA /* Main.storyboard */; };
		01E77DC21F25714200ED1EFA /* Assets.xcassets in Resources */ = {isa = PBXBuildFile; fileRef = 01E77DC11F25714200ED1EFA /* Assets.xcassets */; };
		01E77DC51F25714200ED1EFA /* LaunchScreen.storyboard in Resources */ = {isa = PBXBuildFile; fileRef = 01E77DC31F25714200ED1EFA /* LaunchScreen.storyboard */; };
		01E77DD01F25714200ED1EFA /* CalculatorViewModelTests.swift in Sources */ = {isa = PBXBuildFile; fileRef = 01E77DCF1F25714200ED1EFA /* CalculatorViewModelTests.swift */; };
		01E77DDB1F25714200ED1EFA /* CNCReferenceAppUITests.swift in Sources */ = {isa = PBXBuildFile; fileRef = 01E77DDA1F25714200ED1EFA /* CNCReferenceAppUITests.swift */; };
		01E77DEC1F2573BA00ED1EFA /* SavedProfilesViewController.swift in Sources */ = {isa = PBXBuildFile; fileRef = 01E77DEB1F2573BA00ED1EFA /* SavedProfilesViewController.swift */; };
		01E77DEE1F2573D300ED1EFA /* GCodeReferenceViewController.swift in Sources */ = {isa = PBXBuildFile; fileRef = 01E77DED1F2573D300ED1EFA /* GCodeReferenceViewController.swift */; };
		01E77DF01F2573F100ED1EFA /* CalculatorViewController.swift in Sources */ = {isa = PBXBuildFile; fileRef = 01E77DEF1F2573F100ED1EFA /* CalculatorViewController.swift */; };
		01E77DF21F25758200ED1EFA /* SavedProfilesStoryboard.storyboard in Resources */ = {isa = PBXBuildFile; fileRef = 01E77DF11F25758200ED1EFA /* SavedProfilesStoryboard.storyboard */; };
		01E77DF41F25759300ED1EFA /* GCodeReferenceStoryboard.storyboard in Resources */ = {isa = PBXBuildFile; fileRef = 01E77DF31F25759300ED1EFA /* GCodeReferenceStoryboard.storyboard */; };
		01E77DF61F2575AF00ED1EFA /* CalculatorStoryboard.storyboard in Resources */ = {isa = PBXBuildFile; fileRef = 01E77DF51F2575AF00ED1EFA /* CalculatorStoryboard.storyboard */; };
		01F78C2C1F4F12C100489151 /* CNCValueNumberFormatter.swift in Sources */ = {isa = PBXBuildFile; fileRef = 01F78C2B1F4F12C100489151 /* CNCValueNumberFormatter.swift */; };
		3AB37FC8DDF7FA5F51E87A82 /* Pods_CNCReferenceAppUITests.framework in Frameworks */ = {isa = PBXBuildFile; fileRef = 13DE49ADCCFC1BD8ACCFC878 /* Pods_CNCReferenceAppUITests.framework */; };
		976C8F4D4859F00BCD29B2EE /* Pods_CNCReferenceAppTests.framework in Frameworks */ = {isa = PBXBuildFile; fileRef = D9CC1D0DE1279DF8515E8AEF /* Pods_CNCReferenceAppTests.framework */; };
		E27F2C650A5EAB67318B1A09 /* Pods_CNCReferenceApp.framework in Frameworks */ = {isa = PBXBuildFile; fileRef = D45FFF0C4853E2E2FF12653F /* Pods_CNCReferenceApp.framework */; };
/* End PBXBuildFile section */

/* Begin PBXContainerItemProxy section */
		01E77DCC1F25714200ED1EFA /* PBXContainerItemProxy */ = {
			isa = PBXContainerItemProxy;
			containerPortal = 01E77DAD1F25714200ED1EFA /* Project object */;
			proxyType = 1;
			remoteGlobalIDString = 01E77DB41F25714200ED1EFA;
			remoteInfo = CNCReferenceApp;
		};
		01E77DD71F25714200ED1EFA /* PBXContainerItemProxy */ = {
			isa = PBXContainerItemProxy;
			containerPortal = 01E77DAD1F25714200ED1EFA /* Project object */;
			proxyType = 1;
			remoteGlobalIDString = 01E77DB41F25714200ED1EFA;
			remoteInfo = CNCReferenceApp;
		};
/* End PBXContainerItemProxy section */

/* Begin PBXFileReference section */
		014F79ED1F2E431C00312C4C /* CalculatorViewModel.swift */ = {isa = PBXFileReference; fileEncoding = 4; lastKnownFileType = sourcecode.swift; path = CalculatorViewModel.swift; sourceTree = "<group>"; };
		014F79EF1F2E466000312C4C /* CalculatorTableViewCell.swift */ = {isa = PBXFileReference; fileEncoding = 4; lastKnownFileType = sourcecode.swift; path = CalculatorTableViewCell.swift; sourceTree = "<group>"; };
		014F79F11F2E7B0100312C4C /* UITextFieldExtensions.swift */ = {isa = PBXFileReference; fileEncoding = 4; lastKnownFileType = sourcecode.swift; path = UITextFieldExtensions.swift; sourceTree = "<group>"; };
		01A9253D1F375FC100FB55A3 /* ChipLoadPickerViewController.swift */ = {isa = PBXFileReference; fileEncoding = 4; lastKnownFileType = sourcecode.swift; path = ChipLoadPickerViewController.swift; sourceTree = "<group>"; };
		01A9253F1F375FDE00FB55A3 /* ChipLoadPickerViewModel.swift */ = {isa = PBXFileReference; fileEncoding = 4; lastKnownFileType = sourcecode.swift; path = ChipLoadPickerViewModel.swift; sourceTree = "<group>"; };
		01A925411F375FF400FB55A3 /* ChipLoadPickerStoryboard.storyboard */ = {isa = PBXFileReference; fileEncoding = 4; lastKnownFileType = file.storyboard; path = ChipLoadPickerStoryboard.storyboard; sourceTree = "<group>"; };
		01A925431F3BF67B00FB55A3 /* StyleManager.swift */ = {isa = PBXFileReference; fileEncoding = 4; lastKnownFileType = sourcecode.swift; path = StyleManager.swift; sourceTree = "<group>"; };
		01A925491F3C07E000FB55A3 /* CNCTabBarViewController.swift */ = {isa = PBXFileReference; fileEncoding = 4; lastKnownFileType = sourcecode.swift; path = CNCTabBarViewController.swift; sourceTree = "<group>"; };
		01D4467F1F421C0500BC363C /* SavedProfilesViewModel.swift */ = {isa = PBXFileReference; fileEncoding = 4; lastKnownFileType = sourcecode.swift; path = SavedProfilesViewModel.swift; sourceTree = "<group>"; };
		01D446811F42248600BC363C /* SavedCalculation.swift */ = {isa = PBXFileReference; fileEncoding = 4; lastKnownFileType = sourcecode.swift; path = SavedCalculation.swift; sourceTree = "<group>"; };
		01D446831F42274E00BC363C /* PersistentStorageService.swift */ = {isa = PBXFileReference; fileEncoding = 4; lastKnownFileType = sourcecode.swift; path = PersistentStorageService.swift; sourceTree = "<group>"; };
		01E77DB51F25714200ED1EFA /* CNCReferenceApp.app */ = {isa = PBXFileReference; explicitFileType = wrapper.application; includeInIndex = 0; path = CNCReferenceApp.app; sourceTree = BUILT_PRODUCTS_DIR; };
		01E77DB81F25714200ED1EFA /* AppDelegate.swift */ = {isa = PBXFileReference; lastKnownFileType = sourcecode.swift; path = AppDelegate.swift; sourceTree = "<group>"; };
		01E77DBF1F25714200ED1EFA /* Base */ = {isa = PBXFileReference; lastKnownFileType = file.storyboard; name = Base; path = Base.lproj/Main.storyboard; sourceTree = "<group>"; };
		01E77DC11F25714200ED1EFA /* Assets.xcassets */ = {isa = PBXFileReference; lastKnownFileType = folder.assetcatalog; path = Assets.xcassets; sourceTree = "<group>"; };
		01E77DC41F25714200ED1EFA /* Base */ = {isa = PBXFileReference; lastKnownFileType = file.storyboard; name = Base; path = Base.lproj/LaunchScreen.storyboard; sourceTree = "<group>"; };
		01E77DC61F25714200ED1EFA /* Info.plist */ = {isa = PBXFileReference; lastKnownFileType = text.plist.xml; path = Info.plist; sourceTree = "<group>"; };
		01E77DCB1F25714200ED1EFA /* CNCReferenceAppTests.xctest */ = {isa = PBXFileReference; explicitFileType = wrapper.cfbundle; includeInIndex = 0; path = CNCReferenceAppTests.xctest; sourceTree = BUILT_PRODUCTS_DIR; };
		01E77DCF1F25714200ED1EFA /* CalculatorViewModelTests.swift */ = {isa = PBXFileReference; lastKnownFileType = sourcecode.swift; path = CalculatorViewModelTests.swift; sourceTree = "<group>"; };
		01E77DD11F25714200ED1EFA /* Info.plist */ = {isa = PBXFileReference; lastKnownFileType = text.plist.xml; path = Info.plist; sourceTree = "<group>"; };
		01E77DD61F25714200ED1EFA /* CNCReferenceAppUITests.xctest */ = {isa = PBXFileReference; explicitFileType = wrapper.cfbundle; includeInIndex = 0; path = CNCReferenceAppUITests.xctest; sourceTree = BUILT_PRODUCTS_DIR; };
		01E77DDA1F25714200ED1EFA /* CNCReferenceAppUITests.swift */ = {isa = PBXFileReference; lastKnownFileType = sourcecode.swift; path = CNCReferenceAppUITests.swift; sourceTree = "<group>"; };
		01E77DDC1F25714200ED1EFA /* Info.plist */ = {isa = PBXFileReference; lastKnownFileType = text.plist.xml; path = Info.plist; sourceTree = "<group>"; };
		01E77DEB1F2573BA00ED1EFA /* SavedProfilesViewController.swift */ = {isa = PBXFileReference; fileEncoding = 4; lastKnownFileType = sourcecode.swift; path = SavedProfilesViewController.swift; sourceTree = "<group>"; };
		01E77DED1F2573D300ED1EFA /* GCodeReferenceViewController.swift */ = {isa = PBXFileReference; fileEncoding = 4; lastKnownFileType = sourcecode.swift; path = GCodeReferenceViewController.swift; sourceTree = "<group>"; };
		01E77DEF1F2573F100ED1EFA /* CalculatorViewController.swift */ = {isa = PBXFileReference; fileEncoding = 4; lastKnownFileType = sourcecode.swift; path = CalculatorViewController.swift; sourceTree = "<group>"; };
		01E77DF11F25758200ED1EFA /* SavedProfilesStoryboard.storyboard */ = {isa = PBXFileReference; fileEncoding = 4; lastKnownFileType = file.storyboard; path = SavedProfilesStoryboard.storyboard; sourceTree = "<group>"; };
		01E77DF31F25759300ED1EFA /* GCodeReferenceStoryboard.storyboard */ = {isa = PBXFileReference; fileEncoding = 4; lastKnownFileType = file.storyboard; path = GCodeReferenceStoryboard.storyboard; sourceTree = "<group>"; };
		01E77DF51F2575AF00ED1EFA /* CalculatorStoryboard.storyboard */ = {isa = PBXFileReference; fileEncoding = 4; lastKnownFileType = file.storyboard; path = CalculatorStoryboard.storyboard; sourceTree = "<group>"; };
		01F78C2B1F4F12C100489151 /* CNCValueNumberFormatter.swift */ = {isa = PBXFileReference; fileEncoding = 4; lastKnownFileType = sourcecode.swift; path = CNCValueNumberFormatter.swift; sourceTree = "<group>"; };
		13DE49ADCCFC1BD8ACCFC878 /* Pods_CNCReferenceAppUITests.framework */ = {isa = PBXFileReference; explicitFileType = wrapper.framework; includeInIndex = 0; path = Pods_CNCReferenceAppUITests.framework; sourceTree = BUILT_PRODUCTS_DIR; };
		1FA588AC53CBE1CE7366155F /* Pods-CNCReferenceApp.debug.xcconfig */ = {isa = PBXFileReference; includeInIndex = 1; lastKnownFileType = text.xcconfig; name = "Pods-CNCReferenceApp.debug.xcconfig"; path = "Pods/Target Support Files/Pods-CNCReferenceApp/Pods-CNCReferenceApp.debug.xcconfig"; sourceTree = "<group>"; };
		836A64CDD17335E9640EF5E4 /* Pods-CNCReferenceApp.release.xcconfig */ = {isa = PBXFileReference; includeInIndex = 1; lastKnownFileType = text.xcconfig; name = "Pods-CNCReferenceApp.release.xcconfig"; path = "Pods/Target Support Files/Pods-CNCReferenceApp/Pods-CNCReferenceApp.release.xcconfig"; sourceTree = "<group>"; };
		CBD8D0AEC50F9A7F5D5188FE /* Pods-CNCReferenceAppTests.debug.xcconfig */ = {isa = PBXFileReference; includeInIndex = 1; lastKnownFileType = text.xcconfig; name = "Pods-CNCReferenceAppTests.debug.xcconfig"; path = "Pods/Target Support Files/Pods-CNCReferenceAppTests/Pods-CNCReferenceAppTests.debug.xcconfig"; sourceTree = "<group>"; };
		D45FFF0C4853E2E2FF12653F /* Pods_CNCReferenceApp.framework */ = {isa = PBXFileReference; explicitFileType = wrapper.framework; includeInIndex = 0; path = Pods_CNCReferenceApp.framework; sourceTree = BUILT_PRODUCTS_DIR; };
		D9CC1D0DE1279DF8515E8AEF /* Pods_CNCReferenceAppTests.framework */ = {isa = PBXFileReference; explicitFileType = wrapper.framework; includeInIndex = 0; path = Pods_CNCReferenceAppTests.framework; sourceTree = BUILT_PRODUCTS_DIR; };
		E15F424D6F0FEC58F1793CB4 /* Pods-CNCReferenceAppUITests.debug.xcconfig */ = {isa = PBXFileReference; includeInIndex = 1; lastKnownFileType = text.xcconfig; name = "Pods-CNCReferenceAppUITests.debug.xcconfig"; path = "Pods/Target Support Files/Pods-CNCReferenceAppUITests/Pods-CNCReferenceAppUITests.debug.xcconfig"; sourceTree = "<group>"; };
		E44D249CEE70F286D139A091 /* Pods-CNCReferenceAppTests.release.xcconfig */ = {isa = PBXFileReference; includeInIndex = 1; lastKnownFileType = text.xcconfig; name = "Pods-CNCReferenceAppTests.release.xcconfig"; path = "Pods/Target Support Files/Pods-CNCReferenceAppTests/Pods-CNCReferenceAppTests.release.xcconfig"; sourceTree = "<group>"; };
		F2B9948049A9A7A834E40272 /* Pods-CNCReferenceAppUITests.release.xcconfig */ = {isa = PBXFileReference; includeInIndex = 1; lastKnownFileType = text.xcconfig; name = "Pods-CNCReferenceAppUITests.release.xcconfig"; path = "Pods/Target Support Files/Pods-CNCReferenceAppUITests/Pods-CNCReferenceAppUITests.release.xcconfig"; sourceTree = "<group>"; };
/* End PBXFileReference section */

/* Begin PBXFrameworksBuildPhase section */
		01E77DB21F25714200ED1EFA /* Frameworks */ = {
			isa = PBXFrameworksBuildPhase;
			buildActionMask = 2147483647;
			files = (
				E27F2C650A5EAB67318B1A09 /* Pods_CNCReferenceApp.framework in Frameworks */,
			);
			runOnlyForDeploymentPostprocessing = 0;
		};
		01E77DC81F25714200ED1EFA /* Frameworks */ = {
			isa = PBXFrameworksBuildPhase;
			buildActionMask = 2147483647;
			files = (
				976C8F4D4859F00BCD29B2EE /* Pods_CNCReferenceAppTests.framework in Frameworks */,
			);
			runOnlyForDeploymentPostprocessing = 0;
		};
		01E77DD31F25714200ED1EFA /* Frameworks */ = {
			isa = PBXFrameworksBuildPhase;
			buildActionMask = 2147483647;
			files = (
				3AB37FC8DDF7FA5F51E87A82 /* Pods_CNCReferenceAppUITests.framework in Frameworks */,
			);
			runOnlyForDeploymentPostprocessing = 0;
		};
/* End PBXFrameworksBuildPhase section */

/* Begin PBXGroup section */
		014F79F31F2E85C600312C4C /* Utilities */ = {
			isa = PBXGroup;
			children = (
				014F79F11F2E7B0100312C4C /* UITextFieldExtensions.swift */,
				01D446831F42274E00BC363C /* PersistentStorageService.swift */,
				01F78C2B1F4F12C100489151 /* CNCValueNumberFormatter.swift */,
			);
			name = Utilities;
			sourceTree = "<group>";
		};
		01A9253C1F375F8F00FB55A3 /* Chip Load Picker */ = {
			isa = PBXGroup;
			children = (
				01A9253D1F375FC100FB55A3 /* ChipLoadPickerViewController.swift */,
				01A9253F1F375FDE00FB55A3 /* ChipLoadPickerViewModel.swift */,
				01A925411F375FF400FB55A3 /* ChipLoadPickerStoryboard.storyboard */,
			);
			name = "Chip Load Picker";
			sourceTree = "<group>";
		};
		01E77DAC1F25714200ED1EFA = {
			isa = PBXGroup;
			children = (
				01E77DB71F25714200ED1EFA /* CNCReferenceApp */,
				01E77DCE1F25714200ED1EFA /* CNCReferenceAppTests */,
				01E77DD91F25714200ED1EFA /* CNCReferenceAppUITests */,
				01E77DB61F25714200ED1EFA /* Products */,
				3FE1275E0E5A44E286641A77 /* Pods */,
				C6B62F197F48C714D7434540 /* Frameworks */,
			);
			sourceTree = "<group>";
		};
		01E77DB61F25714200ED1EFA /* Products */ = {
			isa = PBXGroup;
			children = (
				01E77DB51F25714200ED1EFA /* CNCReferenceApp.app */,
				01E77DCB1F25714200ED1EFA /* CNCReferenceAppTests.xctest */,
				01E77DD61F25714200ED1EFA /* CNCReferenceAppUITests.xctest */,
			);
			name = Products;
			sourceTree = "<group>";
		};
		01E77DB71F25714200ED1EFA /* CNCReferenceApp */ = {
			isa = PBXGroup;
			children = (
				01E77DE81F2572D000ED1EFA /* Calculator View */,
				01E77DEA1F2572FD00ED1EFA /* Saved Profiles View */,
				01E77DE91F2572E800ED1EFA /* GCode Reference View */,
				014F79F31F2E85C600312C4C /* Utilities */,
				01E77DF71F257ABC00ED1EFA /* Models */,
				01E77DB81F25714200ED1EFA /* AppDelegate.swift */,
				01E77DBE1F25714200ED1EFA /* Main.storyboard */,
				01E77DC11F25714200ED1EFA /* Assets.xcassets */,
				01E77DC31F25714200ED1EFA /* LaunchScreen.storyboard */,
				01E77DC61F25714200ED1EFA /* Info.plist */,
				01A925431F3BF67B00FB55A3 /* StyleManager.swift */,
				01A925491F3C07E000FB55A3 /* CNCTabBarViewController.swift */,
			);
			path = CNCReferenceApp;
			sourceTree = "<group>";
		};
		01E77DCE1F25714200ED1EFA /* CNCReferenceAppTests */ = {
			isa = PBXGroup;
			children = (
				01E77DCF1F25714200ED1EFA /* CalculatorViewModelTests.swift */,
				01E77DD11F25714200ED1EFA /* Info.plist */,
			);
			path = CNCReferenceAppTests;
			sourceTree = "<group>";
		};
		01E77DD91F25714200ED1EFA /* CNCReferenceAppUITests */ = {
			isa = PBXGroup;
			children = (
				01E77DDA1F25714200ED1EFA /* CNCReferenceAppUITests.swift */,
				01E77DDC1F25714200ED1EFA /* Info.plist */,
			);
			path = CNCReferenceAppUITests;
			sourceTree = "<group>";
		};
		01E77DE81F2572D000ED1EFA /* Calculator View */ = {
			isa = PBXGroup;
			children = (
				01E77DF51F2575AF00ED1EFA /* CalculatorStoryboard.storyboard */,
				014F79ED1F2E431C00312C4C /* CalculatorViewModel.swift */,
				01E77DEF1F2573F100ED1EFA /* CalculatorViewController.swift */,
				014F79EF1F2E466000312C4C /* CalculatorTableViewCell.swift */,
				01A9253C1F375F8F00FB55A3 /* Chip Load Picker */,
			);
			name = "Calculator View";
			sourceTree = "<group>";
		};
		01E77DE91F2572E800ED1EFA /* GCode Reference View */ = {
			isa = PBXGroup;
			children = (
				01E77DED1F2573D300ED1EFA /* GCodeReferenceViewController.swift */,
				01E77DF31F25759300ED1EFA /* GCodeReferenceStoryboard.storyboard */,
			);
			name = "GCode Reference View";
			sourceTree = "<group>";
		};
		01E77DEA1F2572FD00ED1EFA /* Saved Profiles View */ = {
			isa = PBXGroup;
			children = (
				01E77DF11F25758200ED1EFA /* SavedProfilesStoryboard.storyboard */,
				01D4467F1F421C0500BC363C /* SavedProfilesViewModel.swift */,
				01E77DEB1F2573BA00ED1EFA /* SavedProfilesViewController.swift */,
			);
			name = "Saved Profiles View";
			sourceTree = "<group>";
		};
		01E77DF71F257ABC00ED1EFA /* Models */ = {
			isa = PBXGroup;
			children = (
				01D446811F42248600BC363C /* SavedCalculation.swift */,
			);
			name = Models;
			sourceTree = "<group>";
		};
		3FE1275E0E5A44E286641A77 /* Pods */ = {
			isa = PBXGroup;
			children = (
				1FA588AC53CBE1CE7366155F /* Pods-CNCReferenceApp.debug.xcconfig */,
				836A64CDD17335E9640EF5E4 /* Pods-CNCReferenceApp.release.xcconfig */,
				CBD8D0AEC50F9A7F5D5188FE /* Pods-CNCReferenceAppTests.debug.xcconfig */,
				E44D249CEE70F286D139A091 /* Pods-CNCReferenceAppTests.release.xcconfig */,
				E15F424D6F0FEC58F1793CB4 /* Pods-CNCReferenceAppUITests.debug.xcconfig */,
				F2B9948049A9A7A834E40272 /* Pods-CNCReferenceAppUITests.release.xcconfig */,
			);
			name = Pods;
			sourceTree = "<group>";
		};
		C6B62F197F48C714D7434540 /* Frameworks */ = {
			isa = PBXGroup;
			children = (
				D45FFF0C4853E2E2FF12653F /* Pods_CNCReferenceApp.framework */,
				D9CC1D0DE1279DF8515E8AEF /* Pods_CNCReferenceAppTests.framework */,
				13DE49ADCCFC1BD8ACCFC878 /* Pods_CNCReferenceAppUITests.framework */,
			);
			name = Frameworks;
			sourceTree = "<group>";
		};
/* End PBXGroup section */

/* Begin PBXNativeTarget section */
		01E77DB41F25714200ED1EFA /* CNCReferenceApp */ = {
			isa = PBXNativeTarget;
			buildConfigurationList = 01E77DDF1F25714200ED1EFA /* Build configuration list for PBXNativeTarget "CNCReferenceApp" */;
			buildPhases = (
				B871139D977D16784B772300 /* [CP] Check Pods Manifest.lock */,
				01E77DB11F25714200ED1EFA /* Sources */,
				01E77DB21F25714200ED1EFA /* Frameworks */,
				01E77DB31F25714200ED1EFA /* Resources */,
				A2DB51FF226ECF277B2D3E27 /* [CP] Embed Pods Frameworks */,
				F93737A919BB99AD473153A7 /* [CP] Copy Pods Resources */,
			);
			buildRules = (
			);
			dependencies = (
			);
			name = CNCReferenceApp;
			productName = CNCReferenceApp;
			productReference = 01E77DB51F25714200ED1EFA /* CNCReferenceApp.app */;
			productType = "com.apple.product-type.application";
		};
		01E77DCA1F25714200ED1EFA /* CNCReferenceAppTests */ = {
			isa = PBXNativeTarget;
			buildConfigurationList = 01E77DE21F25714200ED1EFA /* Build configuration list for PBXNativeTarget "CNCReferenceAppTests" */;
			buildPhases = (
				E579BC095FED3D56D3FB0D94 /* [CP] Check Pods Manifest.lock */,
				01E77DC71F25714200ED1EFA /* Sources */,
				01E77DC81F25714200ED1EFA /* Frameworks */,
				01E77DC91F25714200ED1EFA /* Resources */,
				F723970530EA2452299E67FB /* [CP] Embed Pods Frameworks */,
				81EF346D9AD5E634E6FBF75D /* [CP] Copy Pods Resources */,
			);
			buildRules = (
			);
			dependencies = (
				01E77DCD1F25714200ED1EFA /* PBXTargetDependency */,
			);
			name = CNCReferenceAppTests;
			productName = CNCReferenceAppTests;
			productReference = 01E77DCB1F25714200ED1EFA /* CNCReferenceAppTests.xctest */;
			productType = "com.apple.product-type.bundle.unit-test";
		};
		01E77DD51F25714200ED1EFA /* CNCReferenceAppUITests */ = {
			isa = PBXNativeTarget;
			buildConfigurationList = 01E77DE51F25714200ED1EFA /* Build configuration list for PBXNativeTarget "CNCReferenceAppUITests" */;
			buildPhases = (
				5E03CBD5D38D4D369628D895 /* [CP] Check Pods Manifest.lock */,
				01E77DD21F25714200ED1EFA /* Sources */,
				01E77DD31F25714200ED1EFA /* Frameworks */,
				01E77DD41F25714200ED1EFA /* Resources */,
				57B467825DABA4D0513CEF59 /* [CP] Embed Pods Frameworks */,
				ECAAAB295DABAD62CA115809 /* [CP] Copy Pods Resources */,
			);
			buildRules = (
			);
			dependencies = (
				01E77DD81F25714200ED1EFA /* PBXTargetDependency */,
			);
			name = CNCReferenceAppUITests;
			productName = CNCReferenceAppUITests;
			productReference = 01E77DD61F25714200ED1EFA /* CNCReferenceAppUITests.xctest */;
			productType = "com.apple.product-type.bundle.ui-testing";
		};
/* End PBXNativeTarget section */

/* Begin PBXProject section */
		01E77DAD1F25714200ED1EFA /* Project object */ = {
			isa = PBXProject;
			attributes = {
				LastSwiftUpdateCheck = 0830;
				LastUpgradeCheck = 0830;
				ORGANIZATIONNAME = "Kale Baiton";
				TargetAttributes = {
					01E77DB41F25714200ED1EFA = {
						CreatedOnToolsVersion = 8.3.3;
						DevelopmentTeam = 4384X88AAP;
						ProvisioningStyle = Automatic;
					};
					01E77DCA1F25714200ED1EFA = {
						CreatedOnToolsVersion = 8.3.3;
						ProvisioningStyle = Automatic;
						TestTargetID = 01E77DB41F25714200ED1EFA;
					};
					01E77DD51F25714200ED1EFA = {
						CreatedOnToolsVersion = 8.3.3;
						ProvisioningStyle = Automatic;
						TestTargetID = 01E77DB41F25714200ED1EFA;
					};
				};
			};
			buildConfigurationList = 01E77DB01F25714200ED1EFA /* Build configuration list for PBXProject "CNCReferenceApp" */;
			compatibilityVersion = "Xcode 3.2";
			developmentRegion = English;
			hasScannedForEncodings = 0;
			knownRegions = (
				en,
				Base,
			);
			mainGroup = 01E77DAC1F25714200ED1EFA;
			productRefGroup = 01E77DB61F25714200ED1EFA /* Products */;
			projectDirPath = "";
			projectRoot = "";
			targets = (
				01E77DB41F25714200ED1EFA /* CNCReferenceApp */,
				01E77DCA1F25714200ED1EFA /* CNCReferenceAppTests */,
				01E77DD51F25714200ED1EFA /* CNCReferenceAppUITests */,
			);
		};
/* End PBXProject section */

/* Begin PBXResourcesBuildPhase section */
		01E77DB31F25714200ED1EFA /* Resources */ = {
			isa = PBXResourcesBuildPhase;
			buildActionMask = 2147483647;
			files = (
				01A925421F375FF400FB55A3 /* ChipLoadPickerStoryboard.storyboard in Resources */,
				01E77DC51F25714200ED1EFA /* LaunchScreen.storyboard in Resources */,
				01E77DF21F25758200ED1EFA /* SavedProfilesStoryboard.storyboard in Resources */,
				01E77DC21F25714200ED1EFA /* Assets.xcassets in Resources */,
				01E77DF61F2575AF00ED1EFA /* CalculatorStoryboard.storyboard in Resources */,
				01E77DF41F25759300ED1EFA /* GCodeReferenceStoryboard.storyboard in Resources */,
				01E77DC01F25714200ED1EFA /* Main.storyboard in Resources */,
			);
			runOnlyForDeploymentPostprocessing = 0;
		};
		01E77DC91F25714200ED1EFA /* Resources */ = {
			isa = PBXResourcesBuildPhase;
			buildActionMask = 2147483647;
			files = (
			);
			runOnlyForDeploymentPostprocessing = 0;
		};
		01E77DD41F25714200ED1EFA /* Resources */ = {
			isa = PBXResourcesBuildPhase;
			buildActionMask = 2147483647;
			files = (
			);
			runOnlyForDeploymentPostprocessing = 0;
		};
/* End PBXResourcesBuildPhase section */

/* Begin PBXShellScriptBuildPhase section */
		57B467825DABA4D0513CEF59 /* [CP] Embed Pods Frameworks */ = {
			isa = PBXShellScriptBuildPhase;
			buildActionMask = 2147483647;
			files = (
			);
			inputPaths = (
			);
			name = "[CP] Embed Pods Frameworks";
			outputPaths = (
			);
			runOnlyForDeploymentPostprocessing = 0;
			shellPath = /bin/sh;
			shellScript = "\"${SRCROOT}/Pods/Target Support Files/Pods-CNCReferenceAppUITests/Pods-CNCReferenceAppUITests-frameworks.sh\"\n";
			showEnvVarsInLog = 0;
		};
		5E03CBD5D38D4D369628D895 /* [CP] Check Pods Manifest.lock */ = {
			isa = PBXShellScriptBuildPhase;
			buildActionMask = 2147483647;
			files = (
			);
			inputPaths = (
				"${PODS_PODFILE_DIR_PATH}/Podfile.lock",
				"${PODS_ROOT}/Manifest.lock",
			);
			name = "[CP] Check Pods Manifest.lock";
			outputPaths = (
				"$(DERIVED_FILE_DIR)/Pods-CNCReferenceAppUITests-checkManifestLockResult.txt",
			);
			runOnlyForDeploymentPostprocessing = 0;
			shellPath = /bin/sh;
			shellScript = "diff \"${PODS_PODFILE_DIR_PATH}/Podfile.lock\" \"${PODS_ROOT}/Manifest.lock\" > /dev/null\nif [ $? != 0 ] ; then\n    # print error to STDERR\n    echo \"error: The sandbox is not in sync with the Podfile.lock. Run 'pod install' or update your CocoaPods installation.\" >&2\n    exit 1\nfi\n# This output is used by Xcode 'outputs' to avoid re-running this script phase.\necho \"SUCCESS\" > \"${SCRIPT_OUTPUT_FILE_0}\"\n";
			showEnvVarsInLog = 0;
		};
		81EF346D9AD5E634E6FBF75D /* [CP] Copy Pods Resources */ = {
			isa = PBXShellScriptBuildPhase;
			buildActionMask = 2147483647;
			files = (
			);
			inputPaths = (
			);
			name = "[CP] Copy Pods Resources";
			outputPaths = (
			);
			runOnlyForDeploymentPostprocessing = 0;
			shellPath = /bin/sh;
			shellScript = "\"${SRCROOT}/Pods/Target Support Files/Pods-CNCReferenceAppTests/Pods-CNCReferenceAppTests-resources.sh\"\n";
			showEnvVarsInLog = 0;
		};
		A2DB51FF226ECF277B2D3E27 /* [CP] Embed Pods Frameworks */ = {
			isa = PBXShellScriptBuildPhase;
			buildActionMask = 2147483647;
			files = (
			);
			inputPaths = (
				"${SRCROOT}/Pods/Target Support Files/Pods-CNCReferenceApp/Pods-CNCReferenceApp-frameworks.sh",
				"${BUILT_PRODUCTS_DIR}/Bond/Bond.framework",
				"${BUILT_PRODUCTS_DIR}/ChameleonFramework/ChameleonFramework.framework",
				"${BUILT_PRODUCTS_DIR}/Diff/Diff.framework",
				"${BUILT_PRODUCTS_DIR}/ReactiveKit/ReactiveKit.framework",
			);
			name = "[CP] Embed Pods Frameworks";
			outputPaths = (
				"${TARGET_BUILD_DIR}/${FRAMEWORKS_FOLDER_PATH}/Bond.framework",
				"${TARGET_BUILD_DIR}/${FRAMEWORKS_FOLDER_PATH}/ChameleonFramework.framework",
				"${TARGET_BUILD_DIR}/${FRAMEWORKS_FOLDER_PATH}/Diff.framework",
				"${TARGET_BUILD_DIR}/${FRAMEWORKS_FOLDER_PATH}/ReactiveKit.framework",
			);
			runOnlyForDeploymentPostprocessing = 0;
			shellPath = /bin/sh;
			shellScript = "\"${SRCROOT}/Pods/Target Support Files/Pods-CNCReferenceApp/Pods-CNCReferenceApp-frameworks.sh\"\n";
			showEnvVarsInLog = 0;
		};
		B871139D977D16784B772300 /* [CP] Check Pods Manifest.lock */ = {
			isa = PBXShellScriptBuildPhase;
			buildActionMask = 2147483647;
			files = (
			);
			inputPaths = (
				"${PODS_PODFILE_DIR_PATH}/Podfile.lock",
				"${PODS_ROOT}/Manifest.lock",
			);
			name = "[CP] Check Pods Manifest.lock";
			outputPaths = (
				"$(DERIVED_FILE_DIR)/Pods-CNCReferenceApp-checkManifestLockResult.txt",
			);
			runOnlyForDeploymentPostprocessing = 0;
			shellPath = /bin/sh;
			shellScript = "diff \"${PODS_PODFILE_DIR_PATH}/Podfile.lock\" \"${PODS_ROOT}/Manifest.lock\" > /dev/null\nif [ $? != 0 ] ; then\n    # print error to STDERR\n    echo \"error: The sandbox is not in sync with the Podfile.lock. Run 'pod install' or update your CocoaPods installation.\" >&2\n    exit 1\nfi\n# This output is used by Xcode 'outputs' to avoid re-running this script phase.\necho \"SUCCESS\" > \"${SCRIPT_OUTPUT_FILE_0}\"\n";
			showEnvVarsInLog = 0;
		};
		E579BC095FED3D56D3FB0D94 /* [CP] Check Pods Manifest.lock */ = {
			isa = PBXShellScriptBuildPhase;
			buildActionMask = 2147483647;
			files = (
			);
			inputPaths = (
				"${PODS_PODFILE_DIR_PATH}/Podfile.lock",
				"${PODS_ROOT}/Manifest.lock",
			);
			name = "[CP] Check Pods Manifest.lock";
			outputPaths = (
				"$(DERIVED_FILE_DIR)/Pods-CNCReferenceAppTests-checkManifestLockResult.txt",
			);
			runOnlyForDeploymentPostprocessing = 0;
			shellPath = /bin/sh;
			shellScript = "diff \"${PODS_PODFILE_DIR_PATH}/Podfile.lock\" \"${PODS_ROOT}/Manifest.lock\" > /dev/null\nif [ $? != 0 ] ; then\n    # print error to STDERR\n    echo \"error: The sandbox is not in sync with the Podfile.lock. Run 'pod install' or update your CocoaPods installation.\" >&2\n    exit 1\nfi\n# This output is used by Xcode 'outputs' to avoid re-running this script phase.\necho \"SUCCESS\" > \"${SCRIPT_OUTPUT_FILE_0}\"\n";
			showEnvVarsInLog = 0;
		};
		ECAAAB295DABAD62CA115809 /* [CP] Copy Pods Resources */ = {
			isa = PBXShellScriptBuildPhase;
			buildActionMask = 2147483647;
			files = (
			);
			inputPaths = (
			);
			name = "[CP] Copy Pods Resources";
			outputPaths = (
			);
			runOnlyForDeploymentPostprocessing = 0;
			shellPath = /bin/sh;
			shellScript = "\"${SRCROOT}/Pods/Target Support Files/Pods-CNCReferenceAppUITests/Pods-CNCReferenceAppUITests-resources.sh\"\n";
			showEnvVarsInLog = 0;
		};
		F723970530EA2452299E67FB /* [CP] Embed Pods Frameworks */ = {
			isa = PBXShellScriptBuildPhase;
			buildActionMask = 2147483647;
			files = (
			);
			inputPaths = (
			);
			name = "[CP] Embed Pods Frameworks";
			outputPaths = (
			);
			runOnlyForDeploymentPostprocessing = 0;
			shellPath = /bin/sh;
			shellScript = "\"${SRCROOT}/Pods/Target Support Files/Pods-CNCReferenceAppTests/Pods-CNCReferenceAppTests-frameworks.sh\"\n";
			showEnvVarsInLog = 0;
		};
		F93737A919BB99AD473153A7 /* [CP] Copy Pods Resources */ = {
			isa = PBXShellScriptBuildPhase;
			buildActionMask = 2147483647;
			files = (
			);
			inputPaths = (
			);
			name = "[CP] Copy Pods Resources";
			outputPaths = (
			);
			runOnlyForDeploymentPostprocessing = 0;
			shellPath = /bin/sh;
			shellScript = "\"${SRCROOT}/Pods/Target Support Files/Pods-CNCReferenceApp/Pods-CNCReferenceApp-resources.sh\"\n";
			showEnvVarsInLog = 0;
		};
/* End PBXShellScriptBuildPhase section */

/* Begin PBXSourcesBuildPhase section */
		01E77DB11F25714200ED1EFA /* Sources */ = {
			isa = PBXSourcesBuildPhase;
			buildActionMask = 2147483647;
			files = (
				01E77DB91F25714200ED1EFA /* AppDelegate.swift in Sources */,
				01D446821F42248600BC363C /* SavedCalculation.swift in Sources */,
				01F78C2C1F4F12C100489151 /* CNCValueNumberFormatter.swift in Sources */,
				01A925401F375FDE00FB55A3 /* ChipLoadPickerViewModel.swift in Sources */,
				014F79F01F2E466000312C4C /* CalculatorTableViewCell.swift in Sources */,
				01D446841F42274E00BC363C /* PersistentStorageService.swift in Sources */,
				01E77DEC1F2573BA00ED1EFA /* SavedProfilesViewController.swift in Sources */,
				01E77DF01F2573F100ED1EFA /* CalculatorViewController.swift in Sources */,
				01E77DEE1F2573D300ED1EFA /* GCodeReferenceViewController.swift in Sources */,
				01D446801F421C0500BC363C /* SavedProfilesViewModel.swift in Sources */,
				01A9254A1F3C07E000FB55A3 /* CNCTabBarViewController.swift in Sources */,
				014F79F21F2E7B0100312C4C /* UITextFieldExtensions.swift in Sources */,
				01A925441F3BF67B00FB55A3 /* StyleManager.swift in Sources */,
				01A9253E1F375FC100FB55A3 /* ChipLoadPickerViewController.swift in Sources */,
				014F79EE1F2E431C00312C4C /* CalculatorViewModel.swift in Sources */,
			);
			runOnlyForDeploymentPostprocessing = 0;
		};
		01E77DC71F25714200ED1EFA /* Sources */ = {
			isa = PBXSourcesBuildPhase;
			buildActionMask = 2147483647;
			files = (
				01E77DD01F25714200ED1EFA /* CalculatorViewModelTests.swift in Sources */,
			);
			runOnlyForDeploymentPostprocessing = 0;
		};
		01E77DD21F25714200ED1EFA /* Sources */ = {
			isa = PBXSourcesBuildPhase;
			buildActionMask = 2147483647;
			files = (
				01E77DDB1F25714200ED1EFA /* CNCReferenceAppUITests.swift in Sources */,
			);
			runOnlyForDeploymentPostprocessing = 0;
		};
/* End PBXSourcesBuildPhase section */

/* Begin PBXTargetDependency section */
		01E77DCD1F25714200ED1EFA /* PBXTargetDependency */ = {
			isa = PBXTargetDependency;
			target = 01E77DB41F25714200ED1EFA /* CNCReferenceApp */;
			targetProxy = 01E77DCC1F25714200ED1EFA /* PBXContainerItemProxy */;
		};
		01E77DD81F25714200ED1EFA /* PBXTargetDependency */ = {
			isa = PBXTargetDependency;
			target = 01E77DB41F25714200ED1EFA /* CNCReferenceApp */;
			targetProxy = 01E77DD71F25714200ED1EFA /* PBXContainerItemProxy */;
		};
/* End PBXTargetDependency section */

/* Begin PBXVariantGroup section */
		01E77DBE1F25714200ED1EFA /* Main.storyboard */ = {
			isa = PBXVariantGroup;
			children = (
				01E77DBF1F25714200ED1EFA /* Base */,
			);
			name = Main.storyboard;
			sourceTree = "<group>";
		};
		01E77DC31F25714200ED1EFA /* LaunchScreen.storyboard */ = {
			isa = PBXVariantGroup;
			children = (
				01E77DC41F25714200ED1EFA /* Base */,
			);
			name = LaunchScreen.storyboard;
			sourceTree = "<group>";
		};
/* End PBXVariantGroup section */

/* Begin XCBuildConfiguration section */
		01E77DDD1F25714200ED1EFA /* Debug */ = {
			isa = XCBuildConfiguration;
			buildSettings = {
				ALWAYS_SEARCH_USER_PATHS = NO;
				CLANG_ANALYZER_NONNULL = YES;
				CLANG_ANALYZER_NUMBER_OBJECT_CONVERSION = YES_AGGRESSIVE;
				CLANG_CXX_LANGUAGE_STANDARD = "gnu++0x";
				CLANG_CXX_LIBRARY = "libc++";
				CLANG_ENABLE_MODULES = YES;
				CLANG_ENABLE_OBJC_ARC = YES;
				CLANG_WARN_BOOL_CONVERSION = YES;
				CLANG_WARN_CONSTANT_CONVERSION = YES;
				CLANG_WARN_DIRECT_OBJC_ISA_USAGE = YES_ERROR;
				CLANG_WARN_DOCUMENTATION_COMMENTS = YES;
				CLANG_WARN_EMPTY_BODY = YES;
				CLANG_WARN_ENUM_CONVERSION = YES;
				CLANG_WARN_INFINITE_RECURSION = YES;
				CLANG_WARN_INT_CONVERSION = YES;
				CLANG_WARN_OBJC_ROOT_CLASS = YES_ERROR;
				CLANG_WARN_SUSPICIOUS_MOVE = YES;
				CLANG_WARN_UNREACHABLE_CODE = YES;
				CLANG_WARN__DUPLICATE_METHOD_MATCH = YES;
				"CODE_SIGN_IDENTITY[sdk=iphoneos*]" = "iPhone Developer";
				COPY_PHASE_STRIP = NO;
				DEBUG_INFORMATION_FORMAT = dwarf;
				ENABLE_STRICT_OBJC_MSGSEND = YES;
				ENABLE_TESTABILITY = YES;
				GCC_C_LANGUAGE_STANDARD = gnu99;
				GCC_DYNAMIC_NO_PIC = NO;
				GCC_NO_COMMON_BLOCKS = YES;
				GCC_OPTIMIZATION_LEVEL = 0;
				GCC_PREPROCESSOR_DEFINITIONS = (
					"DEBUG=1",
					"$(inherited)",
				);
				GCC_WARN_64_TO_32_BIT_CONVERSION = YES;
				GCC_WARN_ABOUT_RETURN_TYPE = YES_ERROR;
				GCC_WARN_UNDECLARED_SELECTOR = YES;
				GCC_WARN_UNINITIALIZED_AUTOS = YES_AGGRESSIVE;
				GCC_WARN_UNUSED_FUNCTION = YES;
				GCC_WARN_UNUSED_VARIABLE = YES;
				IPHONEOS_DEPLOYMENT_TARGET = 10.3;
				MTL_ENABLE_DEBUG_INFO = YES;
				ONLY_ACTIVE_ARCH = YES;
				SDKROOT = iphoneos;
				SWIFT_ACTIVE_COMPILATION_CONDITIONS = DEBUG;
				SWIFT_OPTIMIZATION_LEVEL = "-Onone";
				TARGETED_DEVICE_FAMILY = "1,2";
			};
			name = Debug;
		};
		01E77DDE1F25714200ED1EFA /* Release */ = {
			isa = XCBuildConfiguration;
			buildSettings = {
				ALWAYS_SEARCH_USER_PATHS = NO;
				CLANG_ANALYZER_NONNULL = YES;
				CLANG_ANALYZER_NUMBER_OBJECT_CONVERSION = YES_AGGRESSIVE;
				CLANG_CXX_LANGUAGE_STANDARD = "gnu++0x";
				CLANG_CXX_LIBRARY = "libc++";
				CLANG_ENABLE_MODULES = YES;
				CLANG_ENABLE_OBJC_ARC = YES;
				CLANG_WARN_BOOL_CONVERSION = YES;
				CLANG_WARN_CONSTANT_CONVERSION = YES;
				CLANG_WARN_DIRECT_OBJC_ISA_USAGE = YES_ERROR;
				CLANG_WARN_DOCUMENTATION_COMMENTS = YES;
				CLANG_WARN_EMPTY_BODY = YES;
				CLANG_WARN_ENUM_CONVERSION = YES;
				CLANG_WARN_INFINITE_RECURSION = YES;
				CLANG_WARN_INT_CONVERSION = YES;
				CLANG_WARN_OBJC_ROOT_CLASS = YES_ERROR;
				CLANG_WARN_SUSPICIOUS_MOVE = YES;
				CLANG_WARN_UNREACHABLE_CODE = YES;
				CLANG_WARN__DUPLICATE_METHOD_MATCH = YES;
				"CODE_SIGN_IDENTITY[sdk=iphoneos*]" = "iPhone Developer";
				COPY_PHASE_STRIP = NO;
				DEBUG_INFORMATION_FORMAT = "dwarf-with-dsym";
				ENABLE_NS_ASSERTIONS = NO;
				ENABLE_STRICT_OBJC_MSGSEND = YES;
				GCC_C_LANGUAGE_STANDARD = gnu99;
				GCC_NO_COMMON_BLOCKS = YES;
				GCC_WARN_64_TO_32_BIT_CONVERSION = YES;
				GCC_WARN_ABOUT_RETURN_TYPE = YES_ERROR;
				GCC_WARN_UNDECLARED_SELECTOR = YES;
				GCC_WARN_UNINITIALIZED_AUTOS = YES_AGGRESSIVE;
				GCC_WARN_UNUSED_FUNCTION = YES;
				GCC_WARN_UNUSED_VARIABLE = YES;
				IPHONEOS_DEPLOYMENT_TARGET = 10.3;
				MTL_ENABLE_DEBUG_INFO = NO;
				SDKROOT = iphoneos;
				SWIFT_OPTIMIZATION_LEVEL = "-Owholemodule";
				TARGETED_DEVICE_FAMILY = "1,2";
				VALIDATE_PRODUCT = YES;
			};
			name = Release;
		};
		01E77DE01F25714200ED1EFA /* Debug */ = {
			isa = XCBuildConfiguration;
			baseConfigurationReference = 1FA588AC53CBE1CE7366155F /* Pods-CNCReferenceApp.debug.xcconfig */;
			buildSettings = {
				ASSETCATALOG_COMPILER_APPICON_NAME = AppIcon;
				DEVELOPMENT_TEAM = 4384X88AAP;
				INFOPLIST_FILE = CNCReferenceApp/Info.plist;
				IPHONEOS_DEPLOYMENT_TARGET = 11.0;
				LD_RUNPATH_SEARCH_PATHS = "$(inherited) @executable_path/Frameworks";
				PRODUCT_BUNDLE_IDENTIFIER = com.KaleBaiton.CNCSidekick;
				PRODUCT_NAME = "$(TARGET_NAME)";
				SWIFT_VERSION = 4.0;
			};
			name = Debug;
		};
		01E77DE11F25714200ED1EFA /* Release */ = {
			isa = XCBuildConfiguration;
			baseConfigurationReference = 836A64CDD17335E9640EF5E4 /* Pods-CNCReferenceApp.release.xcconfig */;
			buildSettings = {
				ASSETCATALOG_COMPILER_APPICON_NAME = AppIcon;
				DEVELOPMENT_TEAM = 4384X88AAP;
				INFOPLIST_FILE = CNCReferenceApp/Info.plist;
				IPHONEOS_DEPLOYMENT_TARGET = 11.0;
				LD_RUNPATH_SEARCH_PATHS = "$(inherited) @executable_path/Frameworks";
				PRODUCT_BUNDLE_IDENTIFIER = com.KaleBaiton.CNCSidekick;
				PRODUCT_NAME = "$(TARGET_NAME)";
				SWIFT_VERSION = 4.0;
			};
			name = Release;
		};
		01E77DE31F25714200ED1EFA /* Debug */ = {
			isa = XCBuildConfiguration;
			baseConfigurationReference = CBD8D0AEC50F9A7F5D5188FE /* Pods-CNCReferenceAppTests.debug.xcconfig */;
			buildSettings = {
				ALWAYS_EMBED_SWIFT_STANDARD_LIBRARIES = YES;
				BUNDLE_LOADER = "$(TEST_HOST)";
				INFOPLIST_FILE = CNCReferenceAppTests/Info.plist;
				LD_RUNPATH_SEARCH_PATHS = "$(inherited) @executable_path/Frameworks @loader_path/Frameworks";
				PRODUCT_BUNDLE_IDENTIFIER = com.KaleBaiton.CNCReferenceAppTests;
				PRODUCT_NAME = "$(TARGET_NAME)";
				SWIFT_VERSION = 4.0;
				TEST_HOST = "$(BUILT_PRODUCTS_DIR)/CNCReferenceApp.app/CNCReferenceApp";
			};
			name = Debug;
		};
		01E77DE41F25714200ED1EFA /* Release */ = {
			isa = XCBuildConfiguration;
			baseConfigurationReference = E44D249CEE70F286D139A091 /* Pods-CNCReferenceAppTests.release.xcconfig */;
			buildSettings = {
				ALWAYS_EMBED_SWIFT_STANDARD_LIBRARIES = YES;
				BUNDLE_LOADER = "$(TEST_HOST)";
				INFOPLIST_FILE = CNCReferenceAppTests/Info.plist;
				LD_RUNPATH_SEARCH_PATHS = "$(inherited) @executable_path/Frameworks @loader_path/Frameworks";
				PRODUCT_BUNDLE_IDENTIFIER = com.KaleBaiton.CNCReferenceAppTests;
				PRODUCT_NAME = "$(TARGET_NAME)";
				SWIFT_VERSION = 4.0;
				TEST_HOST = "$(BUILT_PRODUCTS_DIR)/CNCReferenceApp.app/CNCReferenceApp";
			};
			name = Release;
		};
		01E77DE61F25714200ED1EFA /* Debug */ = {
			isa = XCBuildConfiguration;
			baseConfigurationReference = E15F424D6F0FEC58F1793CB4 /* Pods-CNCReferenceAppUITests.debug.xcconfig */;
			buildSettings = {
				ALWAYS_EMBED_SWIFT_STANDARD_LIBRARIES = YES;
				INFOPLIST_FILE = CNCReferenceAppUITests/Info.plist;
				LD_RUNPATH_SEARCH_PATHS = "$(inherited) @executable_path/Frameworks @loader_path/Frameworks";
				PRODUCT_BUNDLE_IDENTIFIER = com.KaleBaiton.CNCReferenceAppUITests;
				PRODUCT_NAME = "$(TARGET_NAME)";
				SWIFT_VERSION = 4.0;
				TEST_TARGET_NAME = CNCReferenceApp;
			};
			name = Debug;
		};
		01E77DE71F25714200ED1EFA /* Release */ = {
			isa = XCBuildConfiguration;
			baseConfigurationReference = F2B9948049A9A7A834E40272 /* Pods-CNCReferenceAppUITests.release.xcconfig */;
			buildSettings = {
				ALWAYS_EMBED_SWIFT_STANDARD_LIBRARIES = YES;
				INFOPLIST_FILE = CNCReferenceAppUITests/Info.plist;
				LD_RUNPATH_SEARCH_PATHS = "$(inherited) @executable_path/Frameworks @loader_path/Frameworks";
				PRODUCT_BUNDLE_IDENTIFIER = com.KaleBaiton.CNCReferenceAppUITests;
				PRODUCT_NAME = "$(TARGET_NAME)";
				SWIFT_VERSION = 4.0;
				TEST_TARGET_NAME = CNCReferenceApp;
			};
			name = Release;
		};
/* End XCBuildConfiguration section */

/* Begin XCConfigurationList section */
		01E77DB01F25714200ED1EFA /* Build configuration list for PBXProject "CNCReferenceApp" */ = {
			isa = XCConfigurationList;
			buildConfigurations = (
				01E77DDD1F25714200ED1EFA /* Debug */,
				01E77DDE1F25714200ED1EFA /* Release */,
			);
			defaultConfigurationIsVisible = 0;
			defaultConfigurationName = Release;
		};
		01E77DDF1F25714200ED1EFA /* Build configuration list for PBXNativeTarget "CNCReferenceApp" */ = {
			isa = XCConfigurationList;
			buildConfigurations = (
				01E77DE01F25714200ED1EFA /* Debug */,
				01E77DE11F25714200ED1EFA /* Release */,
			);
			defaultConfigurationIsVisible = 0;
			defaultConfigurationName = Release;
		};
		01E77DE21F25714200ED1EFA /* Build configuration list for PBXNativeTarget "CNCReferenceAppTests" */ = {
			isa = XCConfigurationList;
			buildConfigurations = (
				01E77DE31F25714200ED1EFA /* Debug */,
				01E77DE41F25714200ED1EFA /* Release */,
			);
			defaultConfigurationIsVisible = 0;
			defaultConfigurationName = Release;
		};
		01E77DE51F25714200ED1EFA /* Build configuration list for PBXNativeTarget "CNCReferenceAppUITests" */ = {
			isa = XCConfigurationList;
			buildConfigurations = (
				01E77DE61F25714200ED1EFA /* Debug */,
				01E77DE71F25714200ED1EFA /* Release */,
			);
			defaultConfigurationIsVisible = 0;
			defaultConfigurationName = Release;
		};
/* End XCConfigurationList section */
	};
	rootObject = 01E77DAD1F25714200ED1EFA /* Project object */;
}
